<?xml version="1.0" encoding="utf-8"?>
<Project ToolsVersion="4.0" xmlns="http://schemas.microsoft.com/developer/msbuild/2003">
  <ItemGroup>
    <Filter Include="Source Files">
      <UniqueIdentifier>{54215def-2637-4fc9-8e43-eb19dc50a226}</UniqueIdentifier>
      <Extensions>cpp;c;cxx;rc;def;r;odl;idl;hpj;bat</Extensions>
    </Filter>
    <Filter Include="Header Files">
      <UniqueIdentifier>{a3cf0856-1d55-4d31-aa14-93b9e910475d}</UniqueIdentifier>
      <Extensions>h;hpp;hxx;hm;inl</Extensions>
    </Filter>
    <Filter Include="Resource Files">
      <UniqueIdentifier>{98b422dd-0b17-4df3-bbd0-49d67664fbf8}</UniqueIdentifier>
      <Extensions>ico;cur;bmp;dlg;rc2;rct;bin;rgs;gif;jpg;jpeg;jpe</Extensions>
    </Filter>
  </ItemGroup>
  <ItemGroup>
    <ClCompile Include="eolfix.c">
      <Filter>Source Files</Filter>
    </ClCompile>
    <ClCompile Include="fnmatch.c">
      <Filter>Source Files</Filter>
    </ClCompile>
    <ClCompile Include="getopt.c">
      <Filter>Source Files</Filter>
    </ClCompile>
  </ItemGroup>
  <ItemGroup>
    <ClInclude Include="compiler.h">
      <Filter>Header Files</Filter>
    </ClInclude>
    <ClInclude Include="fnmatch.h">
      <Filter>Header Files</Filter>
    </ClInclude>
    <ClInclude Include="getopt.h">
      <Filter>Header Files</Filter>
    </ClInclude>
    <ClInclude Include="version.h">
      <Filter>Header Files</Filter>
    </ClInclude>
  </ItemGroup>
  <ItemGroup>
    <ResourceCompile Include="eolfix.rc">
      <Filter>Resource Files</Filter>
    </ResourceCompile>
  </ItemGroup>
</Project>